// !$*UTF8*$!
{
	archiveVersion = 1;
	classes = {};
	objectVersion = 56;
	objects = {

/* Begin PBXBuildFile section */
		A00000000000000000000001 /* main.swift in Sources */ = {isa = PBXBuildFile; fileRef = A00000000000000000000011 /* main.swift */; };
		A00000000000000000000002 /* AppDelegate.swift in Sources */ = {isa = PBXBuildFile; fileRef = A00000000000000000000012 /* AppDelegate.swift */; };
		A00000000000000000000004 /* MainViewController.swift in Sources */ = {isa = PBXBuildFile; fileRef = A00000000000000000000016 /* MainViewController.swift */; };
		A00000000000000000000003 /* Assets.xcassets in Resources */ = {isa = PBXBuildFile; fileRef = A00000000000000000000015 /* Assets.xcassets */; };
		A00000000000000000000005 /* CalendarStore.swift in Sources */ = {isa = PBXBuildFile; fileRef = A00000000000000000000017 /* CalendarStore.swift */; };
		A00000000000000000000006 /* WeekLayout.swift in Sources */ = {isa = PBXBuildFile; fileRef = A00000000000000000000018 /* WeekLayout.swift */; };
		A00000000000000000000007 /* WeekRowView.swift in Sources */ = {isa = PBXBuildFile; fileRef = A00000000000000000000019 /* WeekRowView.swift */; };
		A00000000000000000000008 /* WeekGridView.swift in Sources */ = {isa = PBXBuildFile; fileRef = A00000000000000000000022 /* WeekGridView.swift */; };
		A00000000000000000000084 /* MainViewController+Access.swift in Sources */ = {isa = PBXBuildFile; fileRef = A00000000000000000000085 /* MainViewController+Access.swift */; };
		A00000000000000000000088 /* CalendarFilterViews.swift in Sources */ = {isa = PBXBuildFile; fileRef = A00000000000000000000089 /* CalendarFilterViews.swift */; };
		A00000000000000000000090 /* CalendarFilterController+Outline.swift in Sources */ = {isa = PBXBuildFile; fileRef = A00000000000000000000091 /* CalendarFilterController+Outline.swift */; };
		A00000000000000000000092 /* FilterSelection.swift in Sources */ = {isa = PBXBuildFile; fileRef = A00000000000000000000093 /* FilterSelection.swift */; };
		A00000000000000000000096 /* CalendarStore+Write.swift in Sources */ = {isa = PBXBuildFile; fileRef = A00000000000000000000097 /* CalendarStore+Write.swift */; };
		A00000000000000000000098 /* ItemEditor.swift in Sources */ = {isa = PBXBuildFile; fileRef = A00000000000000000000099 /* ItemEditor.swift */; };
		A00000000000000000000100 /* MainViewController+Edit.swift in Sources */ = {isa = PBXBuildFile; fileRef = A00000000000000000000101 /* MainViewController+Edit.swift */; };
		A00000000000000000000102 /* DayDetailController.swift in Sources */ = {isa = PBXBuildFile; fileRef = A00000000000000000000103 /* DayDetailController.swift */; };
		A00000000000000000000094 /* MainViewController+Filter.swift in Sources */ = {isa = PBXBuildFile; fileRef = A00000000000000000000095 /* MainViewController+Filter.swift */; };
		A00000000000000000000086 /* DayViews.swift in Sources */ = {isa = PBXBuildFile; fileRef = A00000000000000000000087 /* DayViews.swift */; };
		A00000000000000000000080 /* SettablePopUpButton.swift in Sources */ = {isa = PBXBuildFile; fileRef = A00000000000000000000081 /* SettablePopUpButton.swift */; };
		A00000000000000000000082 /* ConfigStore.swift in Sources */ = {isa = PBXBuildFile; fileRef = A00000000000000000000083 /* ConfigStore.swift */; };
		A00000000000000000000009 /* CalendarFilterController.swift in Sources */ = {isa = PBXBuildFile; fileRef = A00000000000000000000023 /* CalendarFilterController.swift */; };
/* End PBXBuildFile section */

/* Begin PBXFileReference section */
		A00000000000000000000015 /* Assets.xcassets */ = {isa = PBXFileReference; lastKnownFileType = folder.assetcatalog; path = Assets.xcassets; sourceTree = "<group>"; };
		A00000000000000000000014 /* version.xcconfig */ = {isa = PBXFileReference; lastKnownFileType = text.xcconfig; path = version.xcconfig; sourceTree = "<group>"; };
		A00000000000000000000011 /* main.swift */ = {isa = PBXFileReference; lastKnownFileType = sourcecode.swift; path = main.swift; sourceTree = "<group>"; };
		A00000000000000000000012 /* AppDelegate.swift */ = {isa = PBXFileReference; lastKnownFileType = sourcecode.swift; path = AppDelegate.swift; sourceTree = "<group>"; };
		A00000000000000000000016 /* MainViewController.swift */ = {isa = PBXFileReference; lastKnownFileType = sourcecode.swift; path = MainViewController.swift; sourceTree = "<group>"; };
		A00000000000000000000013 /* jj-calendar.app */ = {isa = PBXFileReference; explicitFileType = wrapper.application; includeInIndex = 0; path = "jj-calendar.app"; sourceTree = BUILT_PRODUCTS_DIR; };
		A00000000000000000000017 /* CalendarStore.swift */ = {isa = PBXFileReference; lastKnownFileType = sourcecode.swift; path = CalendarStore.swift; sourceTree = "<group>"; };
		A00000000000000000000018 /* WeekLayout.swift */ = {isa = PBXFileReference; lastKnownFileType = sourcecode.swift; path = WeekLayout.swift; sourceTree = "<group>"; };
		A00000000000000000000019 /* WeekRowView.swift */ = {isa = PBXFileReference; lastKnownFileType = sourcecode.swift; path = WeekRowView.swift; sourceTree = "<group>"; };
		A00000000000000000000020 /* jj-calendar.entitlements */ = {isa = PBXFileReference; lastKnownFileType = text.plist.entitlements; path = "jj-calendar.entitlements"; sourceTree = "<group>"; };
		A00000000000000000000022 /* WeekGridView.swift */ = {isa = PBXFileReference; lastKnownFileType = sourcecode.swift; path = WeekGridView.swift; sourceTree = "<group>"; };
		A00000000000000000000085 /* MainViewController+Access.swift */ = {isa = PBXFileReference; lastKnownFileType = sourcecode.swift; path = "MainViewController+Access.swift"; sourceTree = "<group>"; };
		A00000000000000000000089 /* CalendarFilterViews.swift */ = {isa = PBXFileReference; lastKnownFileType = sourcecode.swift; path = CalendarFilterViews.swift; sourceTree = "<group>"; };
		A00000000000000000000091 /* CalendarFilterController+Outline.swift */ = {isa = PBXFileReference; lastKnownFileType = sourcecode.swift; path = "CalendarFilterController+Outline.swift"; sourceTree = "<group>"; };
		A00000000000000000000093 /* FilterSelection.swift */ = {isa = PBXFileReference; lastKnownFileType = sourcecode.swift; path = FilterSelection.swift; sourceTree = "<group>"; };
		A00000000000000000000097 /* CalendarStore+Write.swift */ = {isa = PBXFileReference; lastKnownFileType = sourcecode.swift; path = "CalendarStore+Write.swift"; sourceTree = "<group>"; };
		A00000000000000000000099 /* ItemEditor.swift */ = {isa = PBXFileReference; lastKnownFileType = sourcecode.swift; path = ItemEditor.swift; sourceTree = "<group>"; };
		A00000000000000000000101 /* MainViewController+Edit.swift */ = {isa = PBXFileReference; lastKnownFileType = sourcecode.swift; path = "MainViewController+Edit.swift"; sourceTree = "<group>"; };
		A00000000000000000000103 /* DayDetailController.swift */ = {isa = PBXFileReference; lastKnownFileType = sourcecode.swift; path = DayDetailController.swift; sourceTree = "<group>"; };
		A00000000000000000000095 /* MainViewController+Filter.swift */ = {isa = PBXFileReference; lastKnownFileType = sourcecode.swift; path = "MainViewController+Filter.swift"; sourceTree = "<group>"; };
		A00000000000000000000087 /* DayViews.swift */ = {isa = PBXFileReference; lastKnownFileType = sourcecode.swift; path = DayViews.swift; sourceTree = "<group>"; };
		A00000000000000000000081 /* SettablePopUpButton.swift */ = {isa = PBXFileReference; lastKnownFileType = sourcecode.swift; path = SettablePopUpButton.swift; sourceTree = "<group>"; };
		A00000000000000000000083 /* ConfigStore.swift */ = {isa = PBXFileReference; lastKnownFileType = sourcecode.swift; path = ConfigStore.swift; sourceTree = "<group>"; };
		A00000000000000000000023 /* CalendarFilterController.swift */ = {isa = PBXFileReference; lastKnownFileType = sourcecode.swift; path = CalendarFilterController.swift; sourceTree = "<group>"; };
/* End PBXFileReference section */

/* Begin PBXFrameworksBuildPhase section */
		A00000000000000000000021 = {isa = PBXFrameworksBuildPhase; buildActionMask = 2147483647; files = (); runOnlyForDeploymentPostprocessing = 0; };
/* End PBXFrameworksBuildPhase section */

/* Begin PBXGroup section */
		A00000000000000000000031 = {
			isa = PBXGroup;
			children = (A00000000000000000000014 /* version.xcconfig */, A00000000000000000000032 /* jj-calendar */, A00000000000000000000033 /* Products */);
			sourceTree = "<group>";
		};
		A00000000000000000000032 /* jj-calendar */ = {
			isa = PBXGroup;
			children = (A00000000000000000000011 /* main.swift */, A00000000000000000000012 /* AppDelegate.swift */, A00000000000000000000016 /* MainViewController.swift */, A00000000000000000000085 /* MainViewController+Access.swift */, A00000000000000000000017 /* CalendarStore.swift */, A00000000000000000000023 /* CalendarFilterController.swift */, A00000000000000000000089 /* CalendarFilterViews.swift */, A00000000000000000000091 /* CalendarFilterController+Outline.swift */, A00000000000000000000081 /* SettablePopUpButton.swift */, A00000000000000000000083 /* ConfigStore.swift */, A00000000000000000000018 /* WeekLayout.swift */, A00000000000000000000022 /* WeekGridView.swift */, A00000000000000000000019 /* WeekRowView.swift */, A00000000000000000000087 /* DayViews.swift */, A00000000000000000000103 /* DayDetailController.swift */, A00000000000000000000095 /* MainViewController+Filter.swift */, A00000000000000000000093 /* FilterSelection.swift */, A00000000000000000000097 /* CalendarStore+Write.swift */, A00000000000000000000099 /* ItemEditor.swift */, A00000000000000000000101 /* MainViewController+Edit.swift */, A00000000000000000000020 /* jj-calendar.entitlements */, A00000000000000000000015 /* Assets.xcassets */);
			path = "Sources/jj-calendar";
			sourceTree = "<group>";
		};
		A00000000000000000000033 /* Products */ = {
			isa = PBXGroup;
			children = (A00000000000000000000013 /* jj-calendar.app */);
			name = Products;
			sourceTree = "<group>";
		};
/* End PBXGroup section */

/* Begin PBXNativeTarget section */
		A00000000000000000000041 /* jj-calendar */ = {
			isa = PBXNativeTarget;
			buildConfigurationList = A00000000000000000000062;
			buildPhases = (A00000000000000000000051, A00000000000000000000021, A00000000000000000000052);
			buildRules = ();
			dependencies = ();
			name = "jj-calendar";
			productName = "jj-calendar";
			productReference = A00000000000000000000013 /* jj-calendar.app */;
			productType = "com.apple.product-type.application";
		};
/* End PBXNativeTarget section */

/* Begin PBXProject section */
		A00000000000000000000042 /* Project object */ = {
			isa = PBXProject;
			attributes = {BuildIndependentTargetsInParallel = YES; LastSwiftUpdateCheck = 2720; LastUpgradeCheck = 2720; };
			buildConfigurationList = A00000000000000000000061;
			compatibilityVersion = "Xcode 14.0";
			developmentRegion = en;
			hasScannedForEncodings = 0;
			knownRegions = (en, Base);
			mainGroup = A00000000000000000000031;
			productRefGroup = A00000000000000000000033 /* Products */;
			projectDirPath = "";
			projectRoot = "";
			targets = (A00000000000000000000041 /* jj-calendar */);
		};
/* End PBXProject section */

/* Begin PBXResourcesBuildPhase section */
		A00000000000000000000052 = {isa = PBXResourcesBuildPhase; buildActionMask = 2147483647; files = (A00000000000000000000003 /* Assets.xcassets in Resources */); runOnlyForDeploymentPostprocessing = 0; };
/* End PBXResourcesBuildPhase section */

/* Begin PBXSourcesBuildPhase section */
		A00000000000000000000051 = {
			isa = PBXSourcesBuildPhase;
			buildActionMask = 2147483647;
			files = (A00000000000000000000001 /* main.swift in Sources */, A00000000000000000000002 /* AppDelegate.swift in Sources */, A00000000000000000000004 /* MainViewController.swift in Sources */, A00000000000000000000084 /* MainViewController+Access.swift in Sources */, A00000000000000000000005 /* CalendarStore.swift in Sources */, A00000000000000000000009 /* CalendarFilterController.swift in Sources */, A00000000000000000000088 /* CalendarFilterViews.swift in Sources */, A00000000000000000000090 /* CalendarFilterController+Outline.swift in Sources */, A00000000000000000000080 /* SettablePopUpButton.swift in Sources */, A00000000000000000000082 /* ConfigStore.swift in Sources */, A00000000000000000000006 /* WeekLayout.swift in Sources */, A00000000000000000000008 /* WeekGridView.swift in Sources */, A00000000000000000000007 /* WeekRowView.swift in Sources */, A00000000000000000000086 /* DayViews.swift in Sources */, A00000000000000000000102 /* DayDetailController.swift in Sources */, A00000000000000000000092 /* FilterSelection.swift in Sources */, A00000000000000000000094 /* MainViewController+Filter.swift in Sources */, A00000000000000000000096 /* CalendarStore+Write.swift in Sources */, A00000000000000000000098 /* ItemEditor.swift in Sources */, A00000000000000000000100 /* MainViewController+Edit.swift in Sources */);
			runOnlyForDeploymentPostprocessing = 0;
		};
/* End PBXSourcesBuildPhase section */

/* Begin XCBuildConfiguration section */
		A00000000000000000000071 /* Debug */ = {
			isa = XCBuildConfiguration;
			baseConfigurationReference = A00000000000000000000014 /* version.xcconfig */;
			buildSettings = {
				CLANG_ENABLE_MODULES = YES;
				DEBUG_INFORMATION_FORMAT = dwarf;
				MACOSX_DEPLOYMENT_TARGET = 14.0;
				ONLY_ACTIVE_ARCH = YES;
				SDKROOT = macosx;
				SWIFT_ACTIVE_COMPILATION_CONDITIONS = "DEBUG $(inherited)";
				SWIFT_OPTIMIZATION_LEVEL = "-Onone";
				SWIFT_VERSION = 6.0;
			};
			name = Debug;
		};
		A00000000000000000000072 /* Release */ = {
			isa = XCBuildConfiguration;
			baseConfigurationReference = A00000000000000000000014 /* version.xcconfig */;
			buildSettings = {
				CLANG_ENABLE_MODULES = YES;
				DEBUG_INFORMATION_FORMAT = "dwarf-with-dsym";
				MACOSX_DEPLOYMENT_TARGET = 14.0;
				SDKROOT = macosx;
				SWIFT_COMPILATION_MODE = wholemodule;
				SWIFT_OPTIMIZATION_LEVEL = "-O";
				SWIFT_VERSION = 6.0;
			};
			name = Release;
		};
		A00000000000000000000073 /* Debug */ = {
			isa = XCBuildConfiguration;
			buildSettings = {
				ASSETCATALOG_COMPILER_APPICON_NAME = AppIconDebug;
				CODE_SIGN_IDENTITY = "-";
				CODE_SIGN_ENTITLEMENTS = "Sources/jj-calendar/jj-calendar.entitlements";
				CODE_SIGN_STYLE = Manual;
				ENABLE_APP_SANDBOX = NO;
				ENABLE_HARDENED_RUNTIME = YES;
				GENERATE_INFOPLIST_FILE = YES;
				INFOPLIST_KEY_CFBundleDisplayName = "$(PRODUCT_NAME)";
				INFOPLIST_KEY_NSPrincipalClass = NSApplication;
				INFOPLIST_KEY_LSApplicationCategoryType = "public.app-category.productivity";
				INFOPLIST_KEY_NSCalendarsFullAccessUsageDescription = "jj-calendar 读取系统日历日程用于展示; 仅在你操作时新建 / 修改 / 删除日程.";
				INFOPLIST_KEY_NSRemindersFullAccessUsageDescription = "jj-calendar 读取提醒事项用于展示; 仅在你操作时新建 / 修改 / 删除 / 完成提醒.";
				PRODUCT_BUNDLE_IDENTIFIER = "com.yigegongjiang.jj-calendar.debug";
				PRODUCT_NAME = "jj-calendar Debug";
			};
			name = Debug;
		};
		A00000000000000000000074 /* Release */ = {
			isa = XCBuildConfiguration;
			buildSettings = {
				ASSETCATALOG_COMPILER_APPICON_NAME = AppIcon;
				CODE_SIGN_IDENTITY = "-";
				CODE_SIGN_ENTITLEMENTS = "Sources/jj-calendar/jj-calendar.entitlements";
				CODE_SIGN_STYLE = Manual;
				ENABLE_APP_SANDBOX = NO;
				ENABLE_HARDENED_RUNTIME = YES;
				GENERATE_INFOPLIST_FILE = YES;
				INFOPLIST_KEY_CFBundleDisplayName = "$(PRODUCT_NAME)";
				INFOPLIST_KEY_NSPrincipalClass = NSApplication;
				INFOPLIST_KEY_LSApplicationCategoryType = "public.app-category.productivity";
				INFOPLIST_KEY_NSCalendarsFullAccessUsageDescription = "jj-calendar 读取系统日历日程用于展示; 仅在你操作时新建 / 修改 / 删除日程.";
				INFOPLIST_KEY_NSRemindersFullAccessUsageDescription = "jj-calendar 读取提醒事项用于展示; 仅在你操作时新建 / 修改 / 删除 / 完成提醒.";
				PRODUCT_BUNDLE_IDENTIFIER = "com.yigegongjiang.jj-calendar";
				PRODUCT_NAME = "$(TARGET_NAME)";
			};
			name = Release;
		};
/* End XCBuildConfiguration section */

/* Begin XCConfigurationList section */
		A00000000000000000000061 = {isa = XCConfigurationList; buildConfigurations = (A00000000000000000000071 /* Debug */, A00000000000000000000072 /* Release */); defaultConfigurationIsVisible = 0; defaultConfigurationName = Release; };
		A00000000000000000000062 = {isa = XCConfigurationList; buildConfigurations = (A00000000000000000000073 /* Debug */, A00000000000000000000074 /* Release */); defaultConfigurationIsVisible = 0; defaultConfigurationName = Release; };
/* End XCConfigurationList section */
	};
	rootObject = A00000000000000000000042 /* Project object */;
}
